
Microsoft Visual Studio Solution File, Format Version 12.00
# Visual Studio Version 17
VisualStudioVersion = 17.0.31903.59
MinimumVisualStudioVersion = 10.0.40219.1
Project("{FAE04EC0-301F-11D3-BF4B-00C04F79EFBC}") = "MyMath", "MyMath\MyMath.csproj", "{5A04EE67-4C04-4957-AFD8-E0483DDC2B4D}"
EndProject
Project("{FAE04EC0-301F-11D3-BF4B-00C04F79EFBC}") = "MyMath.Tests", "MyMath.Tests\MyMath.Tests.csproj", "{52579464-C5B7-4AB7-B7DF-EAA1D1E3318E}"
EndProject
Global
	GlobalSection(SolutionConfigurationPlatforms) = preSolution
		Debug|Any CPU = Debug|Any CPU
		Release|Any CPU = Release|Any CPU
	EndGlobalSection
	GlobalSection(SolutionProperties) = preSolution
		HideSolutionNode = FALSE
	EndGlobalSection
	GlobalSection(ProjectConfigurationPlatforms) = postSolution
		{5A04EE67-4C04-4957-AFD8-E0483DDC2B4D}.Debug|Any CPU.ActiveCfg = Debug|Any CPU
		{5A04EE67-4C04-4957-AFD8-E0483DDC2B4D}.Debug|Any CPU.Build.0 = Debug|Any CPU
		{5A04EE67-4C04-4957-AFD8-E0483DDC2B4D}.Release|Any CPU.ActiveCfg = Release|Any CPU
		{5A04EE67-4C04-4957-AFD8-E0483DDC2B4D}.Release|Any CPU.Build.0 = Release|Any CPU
		{52579464-C5B7-4AB7-B7DF-EAA1D1E3318E}.Debug|Any CPU.ActiveCfg = Debug|Any CPU
		{52579464-C5B7-4AB7-B7DF-EAA1D1E3318E}.Debug|Any CPU.Build.0 = Debug|Any CPU
		{52579464-C5B7-4AB7-B7DF-EAA1D1E3318E}.Release|Any CPU.ActiveCfg = Release|Any CPU
		{52579464-C5B7-4AB7-B7DF-EAA1D1E3318E}.Release|Any CPU.Build.0 = Release|Any CPU
	EndGlobalSection
EndGlobal