
Microsoft Visual Studio Solution File, Format Version 12.00
# Visual Studio Version 17
VisualStudioVersion = 17.0.31903.59
MinimumVisualStudioVersion = 10.0.40219.1
Project("{FAE04EC0-301F-11D3-BF4B-00C04F79EFBC}") = "Text", "Text\Text.csproj", "{DC80921E-3479-4DA4-8644-6C954E0F8162}"
EndProject
Project("{FAE04EC0-301F-11D3-BF4B-00C04F79EFBC}") = "Text.Tests", "Text.Tests\Text.Tests.csproj", "{6DD1F320-3E0D-49E9-ADDC-FA114B38ECC0}"
EndProject
Global
	GlobalSection(SolutionConfigurationPlatforms) = preSolution
		Debug|Any CPU = Debug|Any CPU
		Release|Any CPU = Release|Any CPU
	EndGlobalSection
	GlobalSection(SolutionProperties) = preSolution
		HideSolutionNode = FALSE
	EndGlobalSection
	GlobalSection(ProjectConfigurationPlatforms) = postSolution
		{DC80921E-3479-4DA4-8644-6C954E0F8162}.Debug|Any CPU.ActiveCfg = Debug|Any CPU
		{DC80921E-3479-4DA4-8644-6C954E0F8162}.Debug|Any CPU.Build.0 = Debug|Any CPU
		{DC80921E-3479-4DA4-8644-6C954E0F8162}.Release|Any CPU.ActiveCfg = Release|Any CPU
		{DC80921E-3479-4DA4-8644-6C954E0F8162}.Release|Any CPU.Build.0 = Release|Any CPU
		{6DD1F320-3E0D-49E9-ADDC-FA114B38ECC0}.Debug|Any CPU.ActiveCfg = Debug|Any CPU
		{6DD1F320-3E0D-49E9-ADDC-FA114B38ECC0}.Debug|Any CPU.Build.0 = Debug|Any CPU
		{6DD1F320-3E0D-49E9-ADDC-FA114B38ECC0}.Release|Any CPU.ActiveCfg = Release|Any CPU
		{6DD1F320-3E0D-49E9-ADDC-FA114B38ECC0}.Release|Any CPU.Build.0 = Release|Any CPU
	EndGlobalSection
EndGlobal