
Microsoft Visual Studio Solution File, Format Version 12.00
# Visual Studio Version 17
VisualStudioVersion = 17.0.31903.59
MinimumVisualStudioVersion = 10.0.40219.1
Project("{FAE04EC0-301F-11D3-BF4B-00C04F79EFBC}") = "Text", "Text\Text.csproj", "{AC79F3AC-7465-4BEE-BA39-4554AE58CB60}"
EndProject
Project("{FAE04EC0-301F-11D3-BF4B-00C04F79EFBC}") = "Text.Tests", "Text.Tests\Text.Tests.csproj", "{41070958-3F0D-4D2A-954C-360BF47216EC}"
EndProject
Global
	GlobalSection(SolutionConfigurationPlatforms) = preSolution
		Debug|Any CPU = Debug|Any CPU
		Release|Any CPU = Release|Any CPU
	EndGlobalSection
	GlobalSection(SolutionProperties) = preSolution
		HideSolutionNode = FALSE
	EndGlobalSection
	GlobalSection(ProjectConfigurationPlatforms) = postSolution
		{AC79F3AC-7465-4BEE-BA39-4554AE58CB60}.Debug|Any CPU.ActiveCfg = Debug|Any CPU
		{AC79F3AC-7465-4BEE-BA39-4554AE58CB60}.Debug|Any CPU.Build.0 = Debug|Any CPU
		{AC79F3AC-7465-4BEE-BA39-4554AE58CB60}.Release|Any CPU.ActiveCfg = Release|Any CPU
		{AC79F3AC-7465-4BEE-BA39-4554AE58CB60}.Release|Any CPU.Build.0 = Release|Any CPU
		{41070958-3F0D-4D2A-954C-360BF47216EC}.Debug|Any CPU.ActiveCfg = Debug|Any CPU
		{41070958-3F0D-4D2A-954C-360BF47216EC}.Debug|Any CPU.Build.0 = Debug|Any CPU
		{41070958-3F0D-4D2A-954C-360BF47216EC}.Release|Any CPU.ActiveCfg = Release|Any CPU
		{41070958-3F0D-4D2A-954C-360BF47216EC}.Release|Any CPU.Build.0 = Release|Any CPU
	EndGlobalSection
EndGlobal